
Microsoft Visual Studio Solution File, Format Version 12.00
# Visual Studio Version 16
VisualStudioVersion = 16.0.30114.105
MinimumVisualStudioVersion = 10.0.40219.1
Project("{FAE04EC0-301F-11D3-BF4B-00C04F79EFBC}") = "ProjetWPF", "ProjetWPF\ProjetWPF.csproj", "{EF64C860-7D43-4EDC-BD71-1205C6E98512}"
EndProject
Project("{FAE04EC0-301F-11D3-BF4B-00C04F79EFBC}") = "ProjetMetier", "ProjetMetier\ProjetMetier.csproj", "{52A94385-AF3D-49EC-AFFC-DC21DAE94DFE}"
EndProject
Project("{FAE04EC0-301F-11D3-BF4B-00C04F79EFBC}") = "ProjetMetierTests", "ProjetMetierTests\ProjetMetierTests.csproj", "{1C753A25-1B96-4909-8295-74654DB5EF3E}"
EndProject
Global
	GlobalSection(SolutionConfigurationPlatforms) = preSolution
		Debug|Any CPU = Debug|Any CPU
		Release|Any CPU = Release|Any CPU
	EndGlobalSection
	GlobalSection(ProjectConfigurationPlatforms) = postSolution
		{EF64C860-7D43-4EDC-BD71-1205C6E98512}.Debug|Any CPU.ActiveCfg = Debug|Any CPU
		{EF64C860-7D43-4EDC-BD71-1205C6E98512}.Debug|Any CPU.Build.0 = Debug|Any CPU
		{EF64C860-7D43-4EDC-BD71-1205C6E98512}.Release|Any CPU.ActiveCfg = Release|Any CPU
		{EF64C860-7D43-4EDC-BD71-1205C6E98512}.Release|Any CPU.Build.0 = Release|Any CPU
		{52A94385-AF3D-49EC-AFFC-DC21DAE94DFE}.Debug|Any CPU.ActiveCfg = Debug|Any CPU
		{52A94385-AF3D-49EC-AFFC-DC21DAE94DFE}.Debug|Any CPU.Build.0 = Debug|Any CPU
		{52A94385-AF3D-49EC-AFFC-DC21DAE94DFE}.Release|Any CPU.ActiveCfg = Release|Any CPU
		{52A94385-AF3D-49EC-AFFC-DC21DAE94DFE}.Release|Any CPU.Build.0 = Release|Any CPU
		{1C753A25-1B96-4909-8295-74654DB5EF3E}.Debug|Any CPU.ActiveCfg = Debug|Any CPU
		{1C753A25-1B96-4909-8295-74654DB5EF3E}.Debug|Any CPU.Build.0 = Debug|Any CPU
		{1C753A25-1B96-4909-8295-74654DB5EF3E}.Release|Any CPU.ActiveCfg = Release|Any CPU
		{1C753A25-1B96-4909-8295-74654DB5EF3E}.Release|Any CPU.Build.0 = Release|Any CPU
	EndGlobalSection
	GlobalSection(SolutionProperties) = preSolution
		HideSolutionNode = FALSE
	EndGlobalSection
	GlobalSection(ExtensibilityGlobals) = postSolution
		SolutionGuid = {B74E30EF-5C0E-44FF-9D85-EDDD82C119BD}
	EndGlobalSection
EndGlobal
